
Microsoft Visual Studio Solution File, Format Version 12.00
Project("{FAE04EC0-301F-11D3-BF4B-00C04F79EFBC}") = "DirectService.Domain", "src\DirectService.Domain\DirectService.Domain.csproj", "{7C64C334-C8B9-4EED-87BE-052DBAE90737}"
EndProject
Project("{2150E333-8FDC-42A3-9474-1A3956D46DE8}") = "src", "src", "{E80274D0-A007-46EE-9C20-698A6BA54DD9}"
EndProject
Project("{FAE04EC0-301F-11D3-BF4B-00C04F79EFBC}") = "DirectService.Application", "src\DirectService.Application\DirectService.Application.csproj", "{9D85DAA9-B7F9-417F-AC3E-A227F4BB6795}"
EndProject
Project("{FAE04EC0-301F-11D3-BF4B-00C04F79EFBC}") = "DirectService.Infrastructure", "src\DirectService.Infrastructure\DirectService.Infrastructure.csproj", "{7722A86A-86F0-4088-8219-E5CD8216BE6A}"
EndProject
Project("{FAE04EC0-301F-11D3-BF4B-00C04F79EFBC}") = "DirectService.Presentation", "src\DirectService.Presentation\DirectService.Presentation.csproj", "{C5CD4C43-3809-437A-A21D-25FB061E5941}"
EndProject
Project("{FAE04EC0-301F-11D3-BF4B-00C04F79EFBC}") = "DirectService.Contracts", "src\DirectService.Contracts\DirectService.Contracts.csproj", "{050CD4FB-52C1-498B-8D15-A6C5F152C3A9}"
EndProject
Project("{FAE04EC0-301F-11D3-BF4B-00C04F79EFBC}") = "Shared", "src\Shared\Shared.csproj", "{177433F9-49CE-4AB0-85AC-D94CF545F5A8}"
EndProject
Project("{FAE04EC0-301F-11D3-BF4B-00C04F79EFBC}") = "DirectService.Web", "src\DirectService.Web\DirectService.Web.csproj", "{AA5B6115-A90D-485E-8CAA-6550E1F009D9}"
EndProject
Global
	GlobalSection(SolutionConfigurationPlatforms) = preSolution
		Debug|Any CPU = Debug|Any CPU
		Release|Any CPU = Release|Any CPU
	EndGlobalSection
	GlobalSection(ProjectConfigurationPlatforms) = postSolution
		{7C64C334-C8B9-4EED-87BE-052DBAE90737}.Debug|Any CPU.ActiveCfg = Debug|Any CPU
		{7C64C334-C8B9-4EED-87BE-052DBAE90737}.Debug|Any CPU.Build.0 = Debug|Any CPU
		{7C64C334-C8B9-4EED-87BE-052DBAE90737}.Release|Any CPU.ActiveCfg = Release|Any CPU
		{7C64C334-C8B9-4EED-87BE-052DBAE90737}.Release|Any CPU.Build.0 = Release|Any CPU
		{9D85DAA9-B7F9-417F-AC3E-A227F4BB6795}.Debug|Any CPU.ActiveCfg = Debug|Any CPU
		{9D85DAA9-B7F9-417F-AC3E-A227F4BB6795}.Debug|Any CPU.Build.0 = Debug|Any CPU
		{9D85DAA9-B7F9-417F-AC3E-A227F4BB6795}.Release|Any CPU.ActiveCfg = Release|Any CPU
		{9D85DAA9-B7F9-417F-AC3E-A227F4BB6795}.Release|Any CPU.Build.0 = Release|Any CPU
		{7722A86A-86F0-4088-8219-E5CD8216BE6A}.Debug|Any CPU.ActiveCfg = Debug|Any CPU
		{7722A86A-86F0-4088-8219-E5CD8216BE6A}.Debug|Any CPU.Build.0 = Debug|Any CPU
		{7722A86A-86F0-4088-8219-E5CD8216BE6A}.Release|Any CPU.ActiveCfg = Release|Any CPU
		{7722A86A-86F0-4088-8219-E5CD8216BE6A}.Release|Any CPU.Build.0 = Release|Any CPU
		{C5CD4C43-3809-437A-A21D-25FB061E5941}.Debug|Any CPU.ActiveCfg = Debug|Any CPU
		{C5CD4C43-3809-437A-A21D-25FB061E5941}.Debug|Any CPU.Build.0 = Debug|Any CPU
		{C5CD4C43-3809-437A-A21D-25FB061E5941}.Release|Any CPU.ActiveCfg = Release|Any CPU
		{C5CD4C43-3809-437A-A21D-25FB061E5941}.Release|Any CPU.Build.0 = Release|Any CPU
		{050CD4FB-52C1-498B-8D15-A6C5F152C3A9}.Debug|Any CPU.ActiveCfg = Debug|Any CPU
		{050CD4FB-52C1-498B-8D15-A6C5F152C3A9}.Debug|Any CPU.Build.0 = Debug|Any CPU
		{050CD4FB-52C1-498B-8D15-A6C5F152C3A9}.Release|Any CPU.ActiveCfg = Release|Any CPU
		{050CD4FB-52C1-498B-8D15-A6C5F152C3A9}.Release|Any CPU.Build.0 = Release|Any CPU
		{177433F9-49CE-4AB0-85AC-D94CF545F5A8}.Debug|Any CPU.ActiveCfg = Debug|Any CPU
		{177433F9-49CE-4AB0-85AC-D94CF545F5A8}.Debug|Any CPU.Build.0 = Debug|Any CPU
		{177433F9-49CE-4AB0-85AC-D94CF545F5A8}.Release|Any CPU.ActiveCfg = Release|Any CPU
		{177433F9-49CE-4AB0-85AC-D94CF545F5A8}.Release|Any CPU.Build.0 = Release|Any CPU
		{AA5B6115-A90D-485E-8CAA-6550E1F009D9}.Debug|Any CPU.ActiveCfg = Debug|Any CPU
		{AA5B6115-A90D-485E-8CAA-6550E1F009D9}.Debug|Any CPU.Build.0 = Debug|Any CPU
		{AA5B6115-A90D-485E-8CAA-6550E1F009D9}.Release|Any CPU.ActiveCfg = Release|Any CPU
		{AA5B6115-A90D-485E-8CAA-6550E1F009D9}.Release|Any CPU.Build.0 = Release|Any CPU
	EndGlobalSection
	GlobalSection(NestedProjects) = preSolution
		{7C64C334-C8B9-4EED-87BE-052DBAE90737} = {E80274D0-A007-46EE-9C20-698A6BA54DD9}
		{9D85DAA9-B7F9-417F-AC3E-A227F4BB6795} = {E80274D0-A007-46EE-9C20-698A6BA54DD9}
		{7722A86A-86F0-4088-8219-E5CD8216BE6A} = {E80274D0-A007-46EE-9C20-698A6BA54DD9}
		{C5CD4C43-3809-437A-A21D-25FB061E5941} = {E80274D0-A007-46EE-9C20-698A6BA54DD9}
		{050CD4FB-52C1-498B-8D15-A6C5F152C3A9} = {E80274D0-A007-46EE-9C20-698A6BA54DD9}
		{177433F9-49CE-4AB0-85AC-D94CF545F5A8} = {E80274D0-A007-46EE-9C20-698A6BA54DD9}
		{AA5B6115-A90D-485E-8CAA-6550E1F009D9} = {E80274D0-A007-46EE-9C20-698A6BA54DD9}
	EndGlobalSection
EndGlobal
